
Microsoft Visual Studio Solution File, Format Version 12.00
# Visual Studio Version 16
VisualStudioVersion = 16.0.28803.352
MinimumVisualStudioVersion = 10.0.40219.1
Project("{FAE04EC0-301F-11D3-BF4B-00C04F79EFBC}") = "WebApiDemo", "WebApiDemo\WebApiDemo.csproj", "{67BC5771-C6CF-4701-A930-B56A26070FAE}"
EndProject
Global
	GlobalSection(SolutionConfigurationPlatforms) = preSolution
		Debug|Any CPU = Debug|Any CPU
		Release|Any CPU = Release|Any CPU
	EndGlobalSection
	GlobalSection(ProjectConfigurationPlatforms) = postSolution
		{67BC5771-C6CF-4701-A930-B56A26070FAE}.Debug|Any CPU.ActiveCfg = Debug|Any CPU
		{67BC5771-C6CF-4701-A930-B56A26070FAE}.Debug|Any CPU.Build.0 = Debug|Any CPU
		{67BC5771-C6CF-4701-A930-B56A26070FAE}.Release|Any CPU.ActiveCfg = Release|Any CPU
		{67BC5771-C6CF-4701-A930-B56A26070FAE}.Release|Any CPU.Build.0 = Release|Any CPU
	EndGlobalSection
	GlobalSection(SolutionProperties) = preSolution
		HideSolutionNode = FALSE
	EndGlobalSection
	GlobalSection(ExtensibilityGlobals) = postSolution
		SolutionGuid = {EDF3FAFF-6E2B-4A21-96A6-3BCFC360E8C4}
	EndGlobalSection
EndGlobal
